
Microsoft Visual Studio Solution File, Format Version 12.00
# Visual Studio Version 17
VisualStudioVersion = 17.4.33122.133
MinimumVisualStudioVersion = 10.0.40219.1
Project("{FAE04EC0-301F-11D3-BF4B-00C04F79EFBC}") = "AspLesson6", "AspLesson6\AspLesson6.csproj", "{617274F8-7CD2-4C3B-A2B7-E5CF2B18D2C8}"
EndProject
Global
	GlobalSection(SolutionConfigurationPlatforms) = preSolution
		Debug|Any CPU = Debug|Any CPU
		Release|Any CPU = Release|Any CPU
	EndGlobalSection
	GlobalSection(ProjectConfigurationPlatforms) = postSolution
		{617274F8-7CD2-4C3B-A2B7-E5CF2B18D2C8}.Debug|Any CPU.ActiveCfg = Debug|Any CPU
		{617274F8-7CD2-4C3B-A2B7-E5CF2B18D2C8}.Debug|Any CPU.Build.0 = Debug|Any CPU
		{617274F8-7CD2-4C3B-A2B7-E5CF2B18D2C8}.Release|Any CPU.ActiveCfg = Release|Any CPU
		{617274F8-7CD2-4C3B-A2B7-E5CF2B18D2C8}.Release|Any CPU.Build.0 = Release|Any CPU
	EndGlobalSection
	GlobalSection(SolutionProperties) = preSolution
		HideSolutionNode = FALSE
	EndGlobalSection
	GlobalSection(ExtensibilityGlobals) = postSolution
		SolutionGuid = {875876EF-0FD7-44F4-91D7-781B606A47AE}
	EndGlobalSection
EndGlobal
